
Microsoft Visual Studio Solution File, Format Version 12.00
# Visual Studio 15
VisualStudioVersion = 15.0.26430.16
MinimumVisualStudioVersion = 10.0.40219.1
Project("{FAE04EC0-301F-11D3-BF4B-00C04F79EFBC}") = "alcool_VS_gasolina", "alcoo_VS_gasolina\alcool_VS_gasolina.csproj", "{158141B6-0F88-49B0-B485-DBB6072E37C6}"
EndProject
Global
	GlobalSection(SolutionConfigurationPlatforms) = preSolution
		Debug|Any CPU = Debug|Any CPU
		Release|Any CPU = Release|Any CPU
	EndGlobalSection
	GlobalSection(ProjectConfigurationPlatforms) = postSolution
		{158141B6-0F88-49B0-B485-DBB6072E37C6}.Debug|Any CPU.ActiveCfg = Debug|Any CPU
		{158141B6-0F88-49B0-B485-DBB6072E37C6}.Debug|Any CPU.Build.0 = Debug|Any CPU
		{158141B6-0F88-49B0-B485-DBB6072E37C6}.Debug|Any CPU.Deploy.0 = Debug|Any CPU
		{158141B6-0F88-49B0-B485-DBB6072E37C6}.Release|Any CPU.ActiveCfg = Debug|Any CPU
		{158141B6-0F88-49B0-B485-DBB6072E37C6}.Release|Any CPU.Build.0 = Debug|Any CPU
		{158141B6-0F88-49B0-B485-DBB6072E37C6}.Release|Any CPU.Deploy.0 = Debug|Any CPU
	EndGlobalSection
	GlobalSection(SolutionProperties) = preSolution
		HideSolutionNode = FALSE
	EndGlobalSection
	GlobalSection(ExtensibilityGlobals) = postSolution
		SolutionGuid = {693636A2-FB56-4332-8CB9-7DE1864E03DF}
	EndGlobalSection
EndGlobal
